
Microsoft Visual Studio Solution File, Format Version 12.00
# Visual Studio Version 17
VisualStudioVersion = 17.5.33516.290
MinimumVisualStudioVersion = 10.0.40219.1
Project("{9A19103F-16F7-4668-BE54-9A1E7A4F7556}") = "VapeShopWebSite", "VapeShopWebSite.csproj", "{3A14C852-1D11-401E-B65C-D44B8EC669A6}"
EndProject
Project("{2150E333-8FDC-42A3-9474-1A3956D46DE8}") = "Context", "Context", "{5343BCB3-1C42-4D76-BE58-8C8A4DB15658}"
	ProjectSection(SolutionItems) = preProject
		EF_DataContext.cs = EF_DataContext.cs
	EndProjectSection
EndProject
Global
	GlobalSection(SolutionConfigurationPlatforms) = preSolution
		Debug|Any CPU = Debug|Any CPU
		Release|Any CPU = Release|Any CPU
	EndGlobalSection
	GlobalSection(ProjectConfigurationPlatforms) = postSolution
		{3A14C852-1D11-401E-B65C-D44B8EC669A6}.Debug|Any CPU.ActiveCfg = Debug|Any CPU
		{3A14C852-1D11-401E-B65C-D44B8EC669A6}.Debug|Any CPU.Build.0 = Debug|Any CPU
		{3A14C852-1D11-401E-B65C-D44B8EC669A6}.Release|Any CPU.ActiveCfg = Release|Any CPU
		{3A14C852-1D11-401E-B65C-D44B8EC669A6}.Release|Any CPU.Build.0 = Release|Any CPU
	EndGlobalSection
	GlobalSection(SolutionProperties) = preSolution
		HideSolutionNode = FALSE
	EndGlobalSection
	GlobalSection(ExtensibilityGlobals) = postSolution
		SolutionGuid = {224ABB21-E384-41C9-B2A7-BA5FE49B4FD9}
	EndGlobalSection
EndGlobal
